{
  "name": "nadesiko3-music",
  "version": "3.8.0",
  "lockfileVersion": 3,
  "requires": true,
  "packages": {
    "": {
      "name": "nadesiko3-music",
      "version": "3.8.0",
      "license": "MIT",
      "devDependencies": {
        "sakuramml": "0.2.3"
      }
    },
    "node_modules/sakuramml": {
      "version": "0.2.3",
      "resolved": "https://registry.npmjs.org/sakuramml/-/sakuramml-0.2.3.tgz",
      "integrity": "sha512-za20moJ21EjMPGBxj4lY/qVGCxCqZwG5pWztstqGZLnDxHXS/Kzh5p5p/uX5SY+sWeIuXT/3hVsozmGiAW0fIQ==",
      "dev": true,
      "license": "SEE LICENSE IN LICENSE"
    }
  }
}
